
Microsoft Visual Studio Solution File, Format Version 12.00
# Visual Studio Version 17
VisualStudioVersion = 17.11.35327.3
MinimumVisualStudioVersion = 10.0.40219.1
Project("{FAE04EC0-301F-11D3-BF4B-00C04F79EFBC}") = "MauiApp9", "MauiApp9\MauiApp9.csproj", "{32E0F6A8-271B-4EC6-838F-D61F2E415AE5}"
EndProject
Global
	GlobalSection(SolutionConfigurationPlatforms) = preSolution
		Debug|Any CPU = Debug|Any CPU
		Release|Any CPU = Release|Any CPU
	EndGlobalSection
	GlobalSection(ProjectConfigurationPlatforms) = postSolution
		{32E0F6A8-271B-4EC6-838F-D61F2E415AE5}.Debug|Any CPU.ActiveCfg = Debug|Any CPU
		{32E0F6A8-271B-4EC6-838F-D61F2E415AE5}.Debug|Any CPU.Build.0 = Debug|Any CPU
		{32E0F6A8-271B-4EC6-838F-D61F2E415AE5}.Debug|Any CPU.Deploy.0 = Debug|Any CPU
		{32E0F6A8-271B-4EC6-838F-D61F2E415AE5}.Release|Any CPU.ActiveCfg = Release|Any CPU
		{32E0F6A8-271B-4EC6-838F-D61F2E415AE5}.Release|Any CPU.Build.0 = Release|Any CPU
		{32E0F6A8-271B-4EC6-838F-D61F2E415AE5}.Release|Any CPU.Deploy.0 = Release|Any CPU
	EndGlobalSection
	GlobalSection(SolutionProperties) = preSolution
		HideSolutionNode = FALSE
	EndGlobalSection
	GlobalSection(ExtensibilityGlobals) = postSolution
		SolutionGuid = {AAE9BD60-D0BB-4323-8D18-AA5442F56439}
	EndGlobalSection
EndGlobal
